
Microsoft Visual Studio Solution File, Format Version 12.00
# Visual Studio 15
VisualStudioVersion = 15.0.27703.2026
MinimumVisualStudioVersion = 10.0.40219.1
Project("{FAE04EC0-301F-11D3-BF4B-00C04F79EFBC}") = "AsyncInterface", "AsyncInterface\AsyncInterface.csproj", "{78198012-6860-4D95-A27D-26ED50C63D68}"
EndProject
Global
	GlobalSection(SolutionConfigurationPlatforms) = preSolution
		Debug|Any CPU = Debug|Any CPU
		Release|Any CPU = Release|Any CPU
	EndGlobalSection
	GlobalSection(ProjectConfigurationPlatforms) = postSolution
		{78198012-6860-4D95-A27D-26ED50C63D68}.Debug|Any CPU.ActiveCfg = Debug|Any CPU
		{78198012-6860-4D95-A27D-26ED50C63D68}.Debug|Any CPU.Build.0 = Debug|Any CPU
		{78198012-6860-4D95-A27D-26ED50C63D68}.Release|Any CPU.ActiveCfg = Release|Any CPU
		{78198012-6860-4D95-A27D-26ED50C63D68}.Release|Any CPU.Build.0 = Release|Any CPU
	EndGlobalSection
	GlobalSection(SolutionProperties) = preSolution
		HideSolutionNode = FALSE
	EndGlobalSection
	GlobalSection(ExtensibilityGlobals) = postSolution
		SolutionGuid = {4D1FA002-EFE4-4A4A-8FB7-39B03047BC8D}
	EndGlobalSection
EndGlobal
